
Microsoft Visual Studio Solution File, Format Version 12.00
# Visual Studio Version 16
VisualStudioVersion = 16.0.30804.86
MinimumVisualStudioVersion = 10.0.40219.1
Project("{FAE04EC0-301F-11D3-BF4B-00C04F79EFBC}") = "AssemblyDemo", "AssemblyDemo\AssemblyDemo.csproj", "{A0EB01E4-4ECB-48D9-9884-B8E434113A73}"
EndProject
Project("{FAE04EC0-301F-11D3-BF4B-00C04F79EFBC}") = "AssemblyAttrDemo", "AssemblyAttrDemo\AssemblyAttrDemo.csproj", "{0FE1D02C-0B27-40C2-9A26-ECFD53D20506}"
EndProject
Project("{FAE04EC0-301F-11D3-BF4B-00C04F79EFBC}") = "AssemblyTypeInfoDemo", "AssemblyTypeInfoDemo\AssemblyTypeInfoDemo.csproj", "{1251CD54-4760-4037-B4D8-EFA114FA7C61}"
EndProject
Global
	GlobalSection(SolutionConfigurationPlatforms) = preSolution
		Debug|Any CPU = Debug|Any CPU
		Release|Any CPU = Release|Any CPU
	EndGlobalSection
	GlobalSection(ProjectConfigurationPlatforms) = postSolution
		{A0EB01E4-4ECB-48D9-9884-B8E434113A73}.Debug|Any CPU.ActiveCfg = Debug|Any CPU
		{A0EB01E4-4ECB-48D9-9884-B8E434113A73}.Debug|Any CPU.Build.0 = Debug|Any CPU
		{A0EB01E4-4ECB-48D9-9884-B8E434113A73}.Release|Any CPU.ActiveCfg = Release|Any CPU
		{A0EB01E4-4ECB-48D9-9884-B8E434113A73}.Release|Any CPU.Build.0 = Release|Any CPU
		{0FE1D02C-0B27-40C2-9A26-ECFD53D20506}.Debug|Any CPU.ActiveCfg = Debug|Any CPU
		{0FE1D02C-0B27-40C2-9A26-ECFD53D20506}.Debug|Any CPU.Build.0 = Debug|Any CPU
		{0FE1D02C-0B27-40C2-9A26-ECFD53D20506}.Release|Any CPU.ActiveCfg = Release|Any CPU
		{0FE1D02C-0B27-40C2-9A26-ECFD53D20506}.Release|Any CPU.Build.0 = Release|Any CPU
		{1251CD54-4760-4037-B4D8-EFA114FA7C61}.Debug|Any CPU.ActiveCfg = Debug|Any CPU
		{1251CD54-4760-4037-B4D8-EFA114FA7C61}.Debug|Any CPU.Build.0 = Debug|Any CPU
		{1251CD54-4760-4037-B4D8-EFA114FA7C61}.Release|Any CPU.ActiveCfg = Release|Any CPU
		{1251CD54-4760-4037-B4D8-EFA114FA7C61}.Release|Any CPU.Build.0 = Release|Any CPU
	EndGlobalSection
	GlobalSection(SolutionProperties) = preSolution
		HideSolutionNode = FALSE
	EndGlobalSection
	GlobalSection(ExtensibilityGlobals) = postSolution
		SolutionGuid = {5043D32E-76DB-4BB8-880B-937C785794DD}
	EndGlobalSection
EndGlobal
